
Microsoft Visual Studio Solution File, Format Version 11.00
# Visual Studio 2010
Project("{FAE04EC0-301F-11D3-BF4B-00C04F79EFBC}") = "cubepocalypse", "Assembly-CSharp.csproj", "{DBBA48C1-E8D1-F05D-9A17-92B11D5A4BAE}"
EndProject
Global
	GlobalSection(SolutionConfigurationPlatforms) = preSolution
		Debug|Any CPU = Debug|Any CPU
		Release|Any CPU = Release|Any CPU
	EndGlobalSection
	GlobalSection(ProjectConfigurationPlatforms) = postSolution
		{DBBA48C1-E8D1-F05D-9A17-92B11D5A4BAE}.Debug|Any CPU.ActiveCfg = Debug|Any CPU
		{DBBA48C1-E8D1-F05D-9A17-92B11D5A4BAE}.Debug|Any CPU.Build.0 = Debug|Any CPU
		{DBBA48C1-E8D1-F05D-9A17-92B11D5A4BAE}.Release|Any CPU.ActiveCfg = Release|Any CPU
		{DBBA48C1-E8D1-F05D-9A17-92B11D5A4BAE}.Release|Any CPU.Build.0 = Release|Any CPU
	EndGlobalSection
	GlobalSection(SolutionProperties) = preSolution
		HideSolutionNode = FALSE
	EndGlobalSection
	GlobalSection(MonoDevelopProperties) = preSolution
		StartupItem = Assembly-CSharp.csproj
	EndGlobalSection
EndGlobal
